
Microsoft Visual Studio Solution File, Format Version 12.00
# Visual Studio Version 16
VisualStudioVersion = 16.0.30413.136
MinimumVisualStudioVersion = 10.0.40219.1
Project("{FAE04EC0-301F-11D3-BF4B-00C04F79EFBC}") = "NASLEDOVANIYE", "NASLEDOVANIYE\NASLEDOVANIYE.csproj", "{23DCB18F-7B80-402E-8AAD-08098709388A}"
EndProject
Global
	GlobalSection(SolutionConfigurationPlatforms) = preSolution
		Debug|Any CPU = Debug|Any CPU
		Release|Any CPU = Release|Any CPU
	EndGlobalSection
	GlobalSection(ProjectConfigurationPlatforms) = postSolution
		{23DCB18F-7B80-402E-8AAD-08098709388A}.Debug|Any CPU.ActiveCfg = Debug|Any CPU
		{23DCB18F-7B80-402E-8AAD-08098709388A}.Debug|Any CPU.Build.0 = Debug|Any CPU
		{23DCB18F-7B80-402E-8AAD-08098709388A}.Release|Any CPU.ActiveCfg = Release|Any CPU
		{23DCB18F-7B80-402E-8AAD-08098709388A}.Release|Any CPU.Build.0 = Release|Any CPU
	EndGlobalSection
	GlobalSection(SolutionProperties) = preSolution
		HideSolutionNode = FALSE
	EndGlobalSection
	GlobalSection(ExtensibilityGlobals) = postSolution
		SolutionGuid = {8A1B08AE-9C18-486A-AA65-3C59A4F24FD3}
	EndGlobalSection
EndGlobal
